
Microsoft Visual Studio Solution File, Format Version 12.00
# Visual Studio Version 16
VisualStudioVersion = 16.0.28902.138
MinimumVisualStudioVersion = 10.0.40219.1
Project("{FAE04EC0-301F-11D3-BF4B-00C04F79EFBC}") = "hhpf", "hhpf.csproj", "{6DA8B8BC-4F7F-48C6-8F63-1515F8EFA82B}"
EndProject
Global
	GlobalSection(SolutionConfigurationPlatforms) = preSolution
		Debug|Any CPU = Debug|Any CPU
		Release|Any CPU = Release|Any CPU
	EndGlobalSection
	GlobalSection(ProjectConfigurationPlatforms) = postSolution
		{6DA8B8BC-4F7F-48C6-8F63-1515F8EFA82B}.Debug|Any CPU.ActiveCfg = Debug|Any CPU
		{6DA8B8BC-4F7F-48C6-8F63-1515F8EFA82B}.Debug|Any CPU.Build.0 = Debug|Any CPU
		{6DA8B8BC-4F7F-48C6-8F63-1515F8EFA82B}.Release|Any CPU.ActiveCfg = Release|Any CPU
		{6DA8B8BC-4F7F-48C6-8F63-1515F8EFA82B}.Release|Any CPU.Build.0 = Release|Any CPU
	EndGlobalSection
	GlobalSection(SolutionProperties) = preSolution
		HideSolutionNode = FALSE
	EndGlobalSection
	GlobalSection(ExtensibilityGlobals) = postSolution
		SolutionGuid = {11838FDE-1E1E-4CDF-B7D6-43FF1BD740B1}
	EndGlobalSection
EndGlobal
